
Microsoft Visual Studio Solution File, Format Version 11.00
# Visual Studio 2010
Project("{FAE04EC0-301F-11D3-BF4B-00C04F79EFBC}") = "PuppyTime", "Assembly-CSharp.csproj", "{9254F7F2-A00F-EB0C-4BC8-E8BE6512B72A}"
EndProject
Project("{FAE04EC0-301F-11D3-BF4B-00C04F79EFBC}") = "PuppyTime", "Assembly-CSharp-firstpass.csproj", "{D46150CB-F847-D22C-34D5-88B84B4D01F0}"
EndProject
Project("{FAE04EC0-301F-11D3-BF4B-00C04F79EFBC}") = "PuppyTime", "Assembly-CSharp-Editor-firstpass.csproj", "{288D4174-6B94-9ED3-F401-B260B2713F07}"
EndProject
Global
	GlobalSection(SolutionConfigurationPlatforms) = preSolution
		Debug|Any CPU = Debug|Any CPU
		Release|Any CPU = Release|Any CPU
	EndGlobalSection
	GlobalSection(ProjectConfigurationPlatforms) = postSolution
		{9254F7F2-A00F-EB0C-4BC8-E8BE6512B72A}.Debug|Any CPU.ActiveCfg = Debug|Any CPU
		{9254F7F2-A00F-EB0C-4BC8-E8BE6512B72A}.Debug|Any CPU.Build.0 = Debug|Any CPU
		{9254F7F2-A00F-EB0C-4BC8-E8BE6512B72A}.Release|Any CPU.ActiveCfg = Release|Any CPU
		{9254F7F2-A00F-EB0C-4BC8-E8BE6512B72A}.Release|Any CPU.Build.0 = Release|Any CPU
		{D46150CB-F847-D22C-34D5-88B84B4D01F0}.Debug|Any CPU.ActiveCfg = Debug|Any CPU
		{D46150CB-F847-D22C-34D5-88B84B4D01F0}.Debug|Any CPU.Build.0 = Debug|Any CPU
		{D46150CB-F847-D22C-34D5-88B84B4D01F0}.Release|Any CPU.ActiveCfg = Release|Any CPU
		{D46150CB-F847-D22C-34D5-88B84B4D01F0}.Release|Any CPU.Build.0 = Release|Any CPU
		{288D4174-6B94-9ED3-F401-B260B2713F07}.Debug|Any CPU.ActiveCfg = Debug|Any CPU
		{288D4174-6B94-9ED3-F401-B260B2713F07}.Debug|Any CPU.Build.0 = Debug|Any CPU
		{288D4174-6B94-9ED3-F401-B260B2713F07}.Release|Any CPU.ActiveCfg = Release|Any CPU
		{288D4174-6B94-9ED3-F401-B260B2713F07}.Release|Any CPU.Build.0 = Release|Any CPU
	EndGlobalSection
	GlobalSection(SolutionProperties) = preSolution
		HideSolutionNode = FALSE
	EndGlobalSection
	GlobalSection(MonoDevelopProperties) = preSolution
		StartupItem = Assembly-CSharp.csproj
	EndGlobalSection
EndGlobal
